hash: 3470d9af5d6e823cbd17cb21470e03eb314a0a1525c96ca69745f54714b793cd
updated: 2017-04-30T18:18:28.438967002+02:00
imports:
- name: github.com/mh-cbon/astutil
  version: 7208c13b31ebeed9ceafbb93ca59a43ce71db3d8
- name: golang.org/x/tools
  version: 2382e3994d48b1d22acc2c86bcad0a2aff028e32
  subpackages:
  - go/ast/astutil
  - go/buildutil
  - go/loader
testImports: []
